
Microsoft Visual Studio Solution File, Format Version 12.00
# Visual Studio Version 17
VisualStudioVersion = 17.8.34525.116
MinimumVisualStudioVersion = 10.0.40219.1
Project("{FAE04EC0-301F-11D3-BF4B-00C04F79EFBC}") = "Cloud2bPOE", "Cloud2bPOE.csproj", "{DD39F997-7148-4DE5-9D88-57F29A1D818F}"
EndProject
Global
	GlobalSection(SolutionConfigurationPlatforms) = preSolution
		Debug|Any CPU = Debug|Any CPU
		Release|Any CPU = Release|Any CPU
	EndGlobalSection
	GlobalSection(ProjectConfigurationPlatforms) = postSolution
		{DD39F997-7148-4DE5-9D88-57F29A1D818F}.Debug|Any CPU.ActiveCfg = Debug|Any CPU
		{DD39F997-7148-4DE5-9D88-57F29A1D818F}.Debug|Any CPU.Build.0 = Debug|Any CPU
		{DD39F997-7148-4DE5-9D88-57F29A1D818F}.Release|Any CPU.ActiveCfg = Release|Any CPU
		{DD39F997-7148-4DE5-9D88-57F29A1D818F}.Release|Any CPU.Build.0 = Release|Any CPU
	EndGlobalSection
	GlobalSection(SolutionProperties) = preSolution
		HideSolutionNode = FALSE
	EndGlobalSection
	GlobalSection(ExtensibilityGlobals) = postSolution
		SolutionGuid = {EB38AD69-8442-4F54-8451-F32B4020FBAD}
	EndGlobalSection
EndGlobal
